
Microsoft Visual Studio Solution File, Format Version 12.00
# Visual Studio Version 16
VisualStudioVersion = 16.0.30330.147
MinimumVisualStudioVersion = 10.0.40219.1
Project("{FAE04EC0-301F-11D3-BF4B-00C04F79EFBC}") = "Lab8Goodson", "Lab8Goodson.csproj", "{C316F3B1-E657-40E5-AA29-90F0EC41B959}"
EndProject
Global
	GlobalSection(SolutionConfigurationPlatforms) = preSolution
		Debug|Any CPU = Debug|Any CPU
		Release|Any CPU = Release|Any CPU
	EndGlobalSection
	GlobalSection(ProjectConfigurationPlatforms) = postSolution
		{C316F3B1-E657-40E5-AA29-90F0EC41B959}.Debug|Any CPU.ActiveCfg = Debug|Any CPU
		{C316F3B1-E657-40E5-AA29-90F0EC41B959}.Debug|Any CPU.Build.0 = Debug|Any CPU
		{C316F3B1-E657-40E5-AA29-90F0EC41B959}.Release|Any CPU.ActiveCfg = Release|Any CPU
		{C316F3B1-E657-40E5-AA29-90F0EC41B959}.Release|Any CPU.Build.0 = Release|Any CPU
	EndGlobalSection
	GlobalSection(SolutionProperties) = preSolution
		HideSolutionNode = FALSE
	EndGlobalSection
	GlobalSection(ExtensibilityGlobals) = postSolution
		SolutionGuid = {2D543241-425B-47C5-9539-C5B38B6B0249}
	EndGlobalSection
EndGlobal
